{
  "name": "spaced_repetition",
  "version": "1.0.0",
  "lockfileVersion": 2,
  "requires": true,
  "packages": {
    "": {
      "name": "spaced_repetition",
      "version": "1.0.0",
      "license": "ISC",
      "dependencies": {
        "add-subtract-date": "^1.0.14"
      }
    },
    "node_modules/add-subtract-date": {
      "version": "1.0.14",
      "resolved": "https://registry.npmjs.org/add-subtract-date/-/add-subtract-date-1.0.14.tgz",
      "integrity": "sha512-e070xJdKBEEdAgCJJm1nBSdGv4Y6C2LXP9PYHBUJPV/3eUkZ46bnnkzejmXmTFYyIsiouLPt26yGgsHZL7WDvg=="
    }
  },
  "dependencies": {
    "add-subtract-date": {
      "version": "1.0.14",
      "resolved": "https://registry.npmjs.org/add-subtract-date/-/add-subtract-date-1.0.14.tgz",
      "integrity": "sha512-e070xJdKBEEdAgCJJm1nBSdGv4Y6C2LXP9PYHBUJPV/3eUkZ46bnnkzejmXmTFYyIsiouLPt26yGgsHZL7WDvg=="
    }
  }
}
